Microsoft Visual Studio Solution File, Format Version 12.00
# Visual Studio Version 17
VisualStudioVersion = 17.0.31903.59
MinimumVisualStudioVersion = 10.0.40219.1
Project("{2150E333-8FDC-42A3-9474-1A3956D46DE8}") = "src", "src", "{C700DAF7-4C83-46BC-A222-8D8BCFC06071}"
EndProject
Project("{FAE04EC0-301F-11D3-BF4B-00C04F79EFBC}") = "Tourenplaner.CSharp.App", "src\Tourenplaner.CSharp.App\Tourenplaner.CSharp.App.csproj", "{EFE55047-786B-466A-9319-79FFC682D17B}"
EndProject
Project("{FAE04EC0-301F-11D3-BF4B-00C04F79EFBC}") = "Tourenplaner.CSharp.Application", "src\Tourenplaner.CSharp.Application\Tourenplaner.CSharp.Application.csproj", "{231449B3-70F3-4E87-A149-BDF7ACA92808}"
EndProject
Project("{FAE04EC0-301F-11D3-BF4B-00C04F79EFBC}") = "Tourenplaner.CSharp.Domain", "src\Tourenplaner.CSharp.Domain\Tourenplaner.CSharp.Domain.csproj", "{D1F5E739-0A71-4C25-AE59-4F50ACDDC777}"
EndProject
Project("{FAE04EC0-301F-11D3-BF4B-00C04F79EFBC}") = "Tourenplaner.CSharp.Infrastructure", "src\Tourenplaner.CSharp.Infrastructure\Tourenplaner.CSharp.Infrastructure.csproj", "{728C3C74-09F8-46F1-8B37-BF4BDC46F4DC}"
EndProject
Project("{2150E333-8FDC-42A3-9474-1A3956D46DE8}") = "tests", "tests", "{DEED5DB8-9A2C-453D-98B2-2856C0F00772}"
EndProject
Project("{FAE04EC0-301F-11D3-BF4B-00C04F79EFBC}") = "Tourenplaner.CSharp.Tests", "tests\Tourenplaner.CSharp.Tests\Tourenplaner.CSharp.Tests.csproj", "{CEFE8E23-E495-4160-B291-20443A5C9287}"
EndProject
Global
	GlobalSection(SolutionConfigurationPlatforms) = preSolution
		Debug|Any CPU = Debug|Any CPU
		Release|Any CPU = Release|Any CPU
	EndGlobalSection
	GlobalSection(SolutionProperties) = preSolution
		HideSolutionNode = FALSE
	EndGlobalSection
	GlobalSection(ProjectConfigurationPlatforms) = postSolution
		{EFE55047-786B-466A-9319-79FFC682D17B}.Debug|Any CPU.ActiveCfg = Debug|Any CPU
		{EFE55047-786B-466A-9319-79FFC682D17B}.Debug|Any CPU.Build.0 = Debug|Any CPU
		{EFE55047-786B-466A-9319-79FFC682D17B}.Release|Any CPU.ActiveCfg = Release|Any CPU
		{EFE55047-786B-466A-9319-79FFC682D17B}.Release|Any CPU.Build.0 = Release|Any CPU
		{231449B3-70F3-4E87-A149-BDF7ACA92808}.Debug|Any CPU.ActiveCfg = Debug|Any CPU
		{231449B3-70F3-4E87-A149-BDF7ACA92808}.Debug|Any CPU.Build.0 = Debug|Any CPU
		{231449B3-70F3-4E87-A149-BDF7ACA92808}.Release|Any CPU.ActiveCfg = Release|Any CPU
		{231449B3-70F3-4E87-A149-BDF7ACA92808}.Release|Any CPU.Build.0 = Release|Any CPU
		{D1F5E739-0A71-4C25-AE59-4F50ACDDC777}.Debug|Any CPU.ActiveCfg = Debug|Any CPU
		{D1F5E739-0A71-4C25-AE59-4F50ACDDC777}.Debug|Any CPU.Build.0 = Debug|Any CPU
		{D1F5E739-0A71-4C25-AE59-4F50ACDDC777}.Release|Any CPU.ActiveCfg = Release|Any CPU
		{D1F5E739-0A71-4C25-AE59-4F50ACDDC777}.Release|Any CPU.Build.0 = Release|Any CPU
		{728C3C74-09F8-46F1-8B37-BF4BDC46F4DC}.Debug|Any CPU.ActiveCfg = Debug|Any CPU
		{728C3C74-09F8-46F1-8B37-BF4BDC46F4DC}.Debug|Any CPU.Build.0 = Debug|Any CPU
		{728C3C74-09F8-46F1-8B37-BF4BDC46F4DC}.Release|Any CPU.ActiveCfg = Release|Any CPU
		{728C3C74-09F8-46F1-8B37-BF4BDC46F4DC}.Release|Any CPU.Build.0 = Release|Any CPU
		{CEFE8E23-E495-4160-B291-20443A5C9287}.Debug|Any CPU.ActiveCfg = Debug|Any CPU
		{CEFE8E23-E495-4160-B291-20443A5C9287}.Debug|Any CPU.Build.0 = Debug|Any CPU
		{CEFE8E23-E495-4160-B291-20443A5C9287}.Release|Any CPU.ActiveCfg = Release|Any CPU
		{CEFE8E23-E495-4160-B291-20443A5C9287}.Release|Any CPU.Build.0 = Release|Any CPU
	EndGlobalSection
	GlobalSection(NestedProjects) = preSolution
		{EFE55047-786B-466A-9319-79FFC682D17B} = {C700DAF7-4C83-46BC-A222-8D8BCFC06071}
		{231449B3-70F3-4E87-A149-BDF7ACA92808} = {C700DAF7-4C83-46BC-A222-8D8BCFC06071}
		{D1F5E739-0A71-4C25-AE59-4F50ACDDC777} = {C700DAF7-4C83-46BC-A222-8D8BCFC06071}
		{728C3C74-09F8-46F1-8B37-BF4BDC46F4DC} = {C700DAF7-4C83-46BC-A222-8D8BCFC06071}
		{CEFE8E23-E495-4160-B291-20443A5C9287} = {DEED5DB8-9A2C-453D-98B2-2856C0F00772}
	EndGlobalSection
EndGlobal
